
Microsoft Visual Studio Solution File, Format Version 12.00
# Visual Studio 15
VisualStudioVersion = 15.0.28307.705
MinimumVisualStudioVersion = 10.0.40219.1
Project("{F184B08F-C81C-45F6-A57F-5ABD9991F28F}") = "Devops_Ennovate.UI", "Devops_Ennovate.UI\Devops_Ennovate.UI.vbproj", "{F24B994B-614C-479A-873B-CF534C724F73}"
EndProject
Project("{F184B08F-C81C-45F6-A57F-5ABD9991F28F}") = "Devops_Ennovate.BLL", "Devops_Ennovate.BLL\Devops_Ennovate.BLL.vbproj", "{8ACF5D6A-8DA9-4403-9BE9-FCB2F2F3D80B}"
EndProject
Project("{F184B08F-C81C-45F6-A57F-5ABD9991F28F}") = "Devops_Ennovate.DAL", "Devops_Ennovate.DAL\Devops_Ennovate.DAL.vbproj", "{550249BF-8C19-404C-98C7-F169F895E3FA}"
EndProject
Global
	GlobalSection(SolutionConfigurationPlatforms) = preSolution
		Debug|Any CPU = Debug|Any CPU
		Release|Any CPU = Release|Any CPU
	EndGlobalSection
	GlobalSection(ProjectConfigurationPlatforms) = postSolution
		{F24B994B-614C-479A-873B-CF534C724F73}.Debug|Any CPU.ActiveCfg = Debug|Any CPU
		{F24B994B-614C-479A-873B-CF534C724F73}.Debug|Any CPU.Build.0 = Debug|Any CPU
		{F24B994B-614C-479A-873B-CF534C724F73}.Release|Any CPU.ActiveCfg = Release|Any CPU
		{F24B994B-614C-479A-873B-CF534C724F73}.Release|Any CPU.Build.0 = Release|Any CPU
		{8ACF5D6A-8DA9-4403-9BE9-FCB2F2F3D80B}.Debug|Any CPU.ActiveCfg = Debug|Any CPU
		{8ACF5D6A-8DA9-4403-9BE9-FCB2F2F3D80B}.Debug|Any CPU.Build.0 = Debug|Any CPU
		{8ACF5D6A-8DA9-4403-9BE9-FCB2F2F3D80B}.Release|Any CPU.ActiveCfg = Release|Any CPU
		{8ACF5D6A-8DA9-4403-9BE9-FCB2F2F3D80B}.Release|Any CPU.Build.0 = Release|Any CPU
		{550249BF-8C19-404C-98C7-F169F895E3FA}.Debug|Any CPU.ActiveCfg = Debug|Any CPU
		{550249BF-8C19-404C-98C7-F169F895E3FA}.Debug|Any CPU.Build.0 = Debug|Any CPU
		{550249BF-8C19-404C-98C7-F169F895E3FA}.Release|Any CPU.ActiveCfg = Release|Any CPU
		{550249BF-8C19-404C-98C7-F169F895E3FA}.Release|Any CPU.Build.0 = Release|Any CPU
	EndGlobalSection
	GlobalSection(SolutionProperties) = preSolution
		HideSolutionNode = FALSE
	EndGlobalSection
	GlobalSection(ExtensibilityGlobals) = postSolution
		SolutionGuid = {E24B9F39-6D38-4C71-9FB2-AEE095DC1CBB}
	EndGlobalSection
EndGlobal
